
Microsoft Visual Studio Solution File, Format Version 12.00
# Visual Studio Version 16
VisualStudioVersion = 16.0.30128.74
MinimumVisualStudioVersion = 10.0.40219.1
Project("{FAE04EC0-301F-11D3-BF4B-00C04F79EFBC}") = "LazOff_App.Android", "LazOff_App.Android\LazOff_App.Android.csproj", "{CC8B6A3C-3ABD-4D44-9AB4-D2BCEBAC1C6A}"
EndProject
Project("{FAE04EC0-301F-11D3-BF4B-00C04F79EFBC}") = "LazOff_App", "LazOff_App\LazOff_App.csproj", "{F3A0310C-9092-463D-9705-0ECBC9948908}"
EndProject
Global
	GlobalSection(SolutionConfigurationPlatforms) = preSolution
		Debug|Any CPU = Debug|Any CPU
		Release|Any CPU = Release|Any CPU
	EndGlobalSection
	GlobalSection(ProjectConfigurationPlatforms) = postSolution
		{CC8B6A3C-3ABD-4D44-9AB4-D2BCEBAC1C6A}.Debug|Any CPU.ActiveCfg = Debug|Any CPU
		{CC8B6A3C-3ABD-4D44-9AB4-D2BCEBAC1C6A}.Debug|Any CPU.Build.0 = Debug|Any CPU
		{CC8B6A3C-3ABD-4D44-9AB4-D2BCEBAC1C6A}.Debug|Any CPU.Deploy.0 = Debug|Any CPU
		{CC8B6A3C-3ABD-4D44-9AB4-D2BCEBAC1C6A}.Release|Any CPU.ActiveCfg = Release|Any CPU
		{CC8B6A3C-3ABD-4D44-9AB4-D2BCEBAC1C6A}.Release|Any CPU.Build.0 = Release|Any CPU
		{CC8B6A3C-3ABD-4D44-9AB4-D2BCEBAC1C6A}.Release|Any CPU.Deploy.0 = Release|Any CPU
		{F3A0310C-9092-463D-9705-0ECBC9948908}.Debug|Any CPU.ActiveCfg = Debug|Any CPU
		{F3A0310C-9092-463D-9705-0ECBC9948908}.Debug|Any CPU.Build.0 = Debug|Any CPU
		{F3A0310C-9092-463D-9705-0ECBC9948908}.Debug|Any CPU.Deploy.0 = Debug|Any CPU
		{F3A0310C-9092-463D-9705-0ECBC9948908}.Release|Any CPU.ActiveCfg = Release|Any CPU
		{F3A0310C-9092-463D-9705-0ECBC9948908}.Release|Any CPU.Build.0 = Release|Any CPU
		{F3A0310C-9092-463D-9705-0ECBC9948908}.Release|Any CPU.Deploy.0 = Release|Any CPU
	EndGlobalSection
	GlobalSection(SolutionProperties) = preSolution
		HideSolutionNode = FALSE
	EndGlobalSection
	GlobalSection(ExtensibilityGlobals) = postSolution
		SolutionGuid = {A47CD588-C5D8-4973-9F8D-50776AE3C463}
	EndGlobalSection
EndGlobal
